
Microsoft Visual Studio Solution File, Format Version 12.00
# Visual Studio Version 16
VisualStudioVersion = 16.0.29911.84
MinimumVisualStudioVersion = 10.0.40219.1
Project("{FAE04EC0-301F-11D3-BF4B-00C04F79EFBC}") = "KizhiPart1", "KizhiPart1.csproj", "{B0D50394-E02F-47F4-BF88-D296451717F6}"
EndProject
Global
	GlobalSection(SolutionConfigurationPlatforms) = preSolution
		Debug|Any CPU = Debug|Any CPU
		Release|Any CPU = Release|Any CPU
	EndGlobalSection
	GlobalSection(ProjectConfigurationPlatforms) = postSolution
		{B0D50394-E02F-47F4-BF88-D296451717F6}.Debug|Any CPU.ActiveCfg = Debug|Any CPU
		{B0D50394-E02F-47F4-BF88-D296451717F6}.Debug|Any CPU.Build.0 = Debug|Any CPU
		{B0D50394-E02F-47F4-BF88-D296451717F6}.Release|Any CPU.ActiveCfg = Release|Any CPU
		{B0D50394-E02F-47F4-BF88-D296451717F6}.Release|Any CPU.Build.0 = Release|Any CPU
	EndGlobalSection
	GlobalSection(SolutionProperties) = preSolution
		HideSolutionNode = FALSE
	EndGlobalSection
	GlobalSection(ExtensibilityGlobals) = postSolution
		SolutionGuid = {D774692C-BF57-42DF-A3C7-C8EC4E695856}
	EndGlobalSection
EndGlobal
